
Microsoft Visual Studio Solution File, Format Version 12.00
# Visual Studio Version 17
VisualStudioVersion = 17.10.35122.118
MinimumVisualStudioVersion = 10.0.40219.1
Project("{FAE04EC0-301F-11D3-BF4B-00C04F79EFBC}") = "YingCaiAiWin", "YingCaiAiWin\YingCaiAiWin.csproj", "{E27B04A6-528F-454D-BE05-DC2B7D7A7054}"
EndProject
Project("{FAE04EC0-301F-11D3-BF4B-00C04F79EFBC}") = "YingCaiAiService", "YingCaiAiService\YingCaiAiService.csproj", "{3D454769-92B1-4170-BEEC-1B079D0C009E}"
EndProject
Project("{FAE04EC0-301F-11D3-BF4B-00C04F79EFBC}") = "YingCaiAiModel", "YingCaiAiModel\YingCaiAiModel.csproj", "{35D9DA5D-1557-4FD3-B190-34D57BA24B32}"
EndProject
Global
	GlobalSection(SolutionConfigurationPlatforms) = preSolution
		Debug|Any CPU = Debug|Any CPU
		Release|Any CPU = Release|Any CPU
	EndGlobalSection
	GlobalSection(ProjectConfigurationPlatforms) = postSolution
		{E27B04A6-528F-454D-BE05-DC2B7D7A7054}.Debug|Any CPU.ActiveCfg = Debug|Any CPU
		{E27B04A6-528F-454D-BE05-DC2B7D7A7054}.Debug|Any CPU.Build.0 = Debug|Any CPU
		{E27B04A6-528F-454D-BE05-DC2B7D7A7054}.Release|Any CPU.ActiveCfg = Release|Any CPU
		{E27B04A6-528F-454D-BE05-DC2B7D7A7054}.Release|Any CPU.Build.0 = Release|Any CPU
		{3D454769-92B1-4170-BEEC-1B079D0C009E}.Debug|Any CPU.ActiveCfg = Debug|Any CPU
		{3D454769-92B1-4170-BEEC-1B079D0C009E}.Debug|Any CPU.Build.0 = Debug|Any CPU
		{3D454769-92B1-4170-BEEC-1B079D0C009E}.Release|Any CPU.ActiveCfg = Release|Any CPU
		{3D454769-92B1-4170-BEEC-1B079D0C009E}.Release|Any CPU.Build.0 = Release|Any CPU
		{35D9DA5D-1557-4FD3-B190-34D57BA24B32}.Debug|Any CPU.ActiveCfg = Debug|Any CPU
		{35D9DA5D-1557-4FD3-B190-34D57BA24B32}.Debug|Any CPU.Build.0 = Debug|Any CPU
		{35D9DA5D-1557-4FD3-B190-34D57BA24B32}.Release|Any CPU.ActiveCfg = Release|Any CPU
		{35D9DA5D-1557-4FD3-B190-34D57BA24B32}.Release|Any CPU.Build.0 = Release|Any CPU
	EndGlobalSection
	GlobalSection(SolutionProperties) = preSolution
		HideSolutionNode = FALSE
	EndGlobalSection
	GlobalSection(ExtensibilityGlobals) = postSolution
		SolutionGuid = {B017D252-3A30-48CF-81C2-C301D0B82E14}
	EndGlobalSection
EndGlobal
